
Microsoft Visual Studio Solution File, Format Version 12.00
# Visual Studio Version 16
VisualStudioVersion = 16.0.28803.452
MinimumVisualStudioVersion = 10.0.40219.1
Project("{9A19103F-16F7-4668-BE54-9A1E7A4F7556}") = "Core.Api", "Core.Api\Core.Api.csproj", "{826D6751-BA2F-4105-AF31-9B6ABE4C30C2}"
EndProject
Project("{FAE04EC0-301F-11D3-BF4B-00C04F79EFBC}") = "Core.Entity", "Core.Entity\Core.Entity.csproj", "{739BAB8F-3E27-4E7D-8B9A-0A9665E215AF}"
EndProject
Global
	GlobalSection(SolutionConfigurationPlatforms) = preSolution
		Debug|Any CPU = Debug|Any CPU
		Release|Any CPU = Release|Any CPU
	EndGlobalSection
	GlobalSection(ProjectConfigurationPlatforms) = postSolution
		{826D6751-BA2F-4105-AF31-9B6ABE4C30C2}.Debug|Any CPU.ActiveCfg = Debug|Any CPU
		{826D6751-BA2F-4105-AF31-9B6ABE4C30C2}.Debug|Any CPU.Build.0 = Debug|Any CPU
		{826D6751-BA2F-4105-AF31-9B6ABE4C30C2}.Release|Any CPU.ActiveCfg = Release|Any CPU
		{826D6751-BA2F-4105-AF31-9B6ABE4C30C2}.Release|Any CPU.Build.0 = Release|Any CPU
		{739BAB8F-3E27-4E7D-8B9A-0A9665E215AF}.Debug|Any CPU.ActiveCfg = Debug|Any CPU
		{739BAB8F-3E27-4E7D-8B9A-0A9665E215AF}.Debug|Any CPU.Build.0 = Debug|Any CPU
		{739BAB8F-3E27-4E7D-8B9A-0A9665E215AF}.Release|Any CPU.ActiveCfg = Release|Any CPU
		{739BAB8F-3E27-4E7D-8B9A-0A9665E215AF}.Release|Any CPU.Build.0 = Release|Any CPU
	EndGlobalSection
	GlobalSection(SolutionProperties) = preSolution
		HideSolutionNode = FALSE
	EndGlobalSection
	GlobalSection(ExtensibilityGlobals) = postSolution
		SolutionGuid = {DA68FEDB-6C64-4D78-B807-156F557174D5}
	EndGlobalSection
EndGlobal
